
Microsoft Visual Studio Solution File, Format Version 12.00
# Visual Studio 15
VisualStudioVersion = 15.0.27130.2010
MinimumVisualStudioVersion = 10.0.40219.1
Project("{FAE04EC0-301F-11D3-BF4B-00C04F79EFBC}") = "FolderCheck", "FolderCheck\FolderCheck.csproj", "{A1004D2E-C7BF-44B4-938D-36065477BE04}"
EndProject
Global
	GlobalSection(SolutionConfigurationPlatforms) = preSolution
		Debug|Any CPU = Debug|Any CPU
		Release|Any CPU = Release|Any CPU
	EndGlobalSection
	GlobalSection(ProjectConfigurationPlatforms) = postSolution
		{A1004D2E-C7BF-44B4-938D-36065477BE04}.Debug|Any CPU.ActiveCfg = Debug|Any CPU
		{A1004D2E-C7BF-44B4-938D-36065477BE04}.Debug|Any CPU.Build.0 = Debug|Any CPU
		{A1004D2E-C7BF-44B4-938D-36065477BE04}.Release|Any CPU.ActiveCfg = Release|Any CPU
		{A1004D2E-C7BF-44B4-938D-36065477BE04}.Release|Any CPU.Build.0 = Release|Any CPU
	EndGlobalSection
	GlobalSection(SolutionProperties) = preSolution
		HideSolutionNode = FALSE
	EndGlobalSection
	GlobalSection(ExtensibilityGlobals) = postSolution
		SolutionGuid = {630D7337-67ED-4646-AF1C-784998008264}
	EndGlobalSection
EndGlobal
